
Microsoft Visual Studio Solution File, Format Version 12.00
# Visual Studio Version 16
VisualStudioVersion = 16.0.32126.315
MinimumVisualStudioVersion = 10.0.40219.1
Project("{9A19103F-16F7-4668-BE54-9A1E7A4F7556}") = "asp_net_labs_1_1", "asp_net_labs_1_1\asp_net_labs_1_1.csproj", "{C79A9417-F30C-44AF-A468-EEA09C0CB8BA}"
EndProject
Project("{FAE04EC0-301F-11D3-BF4B-00C04F79EFBC}") = "asp_net_labs_1_2", "asp_net_labs_1_2\asp_net_labs_1_2.csproj", "{72380E98-283E-4FBD-B2D6-A0EE9E8C020E}"
EndProject
Global
	GlobalSection(SolutionConfigurationPlatforms) = preSolution
		Debug|Any CPU = Debug|Any CPU
		Release|Any CPU = Release|Any CPU
	EndGlobalSection
	GlobalSection(ProjectConfigurationPlatforms) = postSolution
		{C79A9417-F30C-44AF-A468-EEA09C0CB8BA}.Debug|Any CPU.ActiveCfg = Debug|Any CPU
		{C79A9417-F30C-44AF-A468-EEA09C0CB8BA}.Debug|Any CPU.Build.0 = Debug|Any CPU
		{C79A9417-F30C-44AF-A468-EEA09C0CB8BA}.Release|Any CPU.ActiveCfg = Release|Any CPU
		{C79A9417-F30C-44AF-A468-EEA09C0CB8BA}.Release|Any CPU.Build.0 = Release|Any CPU
		{72380E98-283E-4FBD-B2D6-A0EE9E8C020E}.Debug|Any CPU.ActiveCfg = Debug|Any CPU
		{72380E98-283E-4FBD-B2D6-A0EE9E8C020E}.Debug|Any CPU.Build.0 = Debug|Any CPU
		{72380E98-283E-4FBD-B2D6-A0EE9E8C020E}.Release|Any CPU.ActiveCfg = Release|Any CPU
		{72380E98-283E-4FBD-B2D6-A0EE9E8C020E}.Release|Any CPU.Build.0 = Release|Any CPU
	EndGlobalSection
	GlobalSection(SolutionProperties) = preSolution
		HideSolutionNode = FALSE
	EndGlobalSection
	GlobalSection(ExtensibilityGlobals) = postSolution
		SolutionGuid = {2DAF19C8-0599-45BD-A31A-F28C446A0DAE}
	EndGlobalSection
EndGlobal
